{
  "name": "atom-extended-autocomplete",
  "version": "0.1.0",
  "lockfileVersion": 1,
  "requires": true,
  "dependencies": {
    "disposable-event": {
      "version": "1.0.3",
      "resolved": "https://registry.npmjs.org/disposable-event/-/disposable-event-1.0.3.tgz",
      "integrity": "sha1-xRmG7GMEgjfKgkcv5Un4lSFNDjU=",
      "requires": {
        "sb-event-kit": "^2.0.0"
      },
      "dependencies": {
        "sb-event-kit": {
          "version": "2.0.0",
          "resolved": "https://registry.npmjs.org/sb-event-kit/-/sb-event-kit-2.0.0.tgz",
          "integrity": "sha1-ELc2gS8To3pHOqbqowibZqtyWn8="
        }
      }
    },
    "sb-event-kit": {
      "version": "3.0.0",
      "resolved": "https://registry.npmjs.org/sb-event-kit/-/sb-event-kit-3.0.0.tgz",
      "integrity": "sha1-Deq26KLZ3a1zN157g9qAv8kQXSQ="
    }
  }
}
